// !$*UTF8*$!
{
	archiveVersion = 1;
	classes = {
	};
	objectVersion = 50;
	objects = {

/* Begin PBXBuildFile section */
		7323DEFA210A0B1300440BD5 /* ViewController2.m in Sources */ = {isa = PBXBuildFile; fileRef = 7323DEF9210A0B1300440BD5 /* ViewController2.m */; };
		733F8F882109EE7600065872 /* AppDelegate.m in Sources */ = {isa = PBXBuildFile; fileRef = 733F8F872109EE7600065872 /* AppDelegate.m */; };
		733F8F8B2109EE7600065872 /* ViewController.m in Sources */ = {isa = PBXBuildFile; fileRef = 733F8F8A2109EE7600065872 /* ViewController.m */; };
		733F8F8E2109EE7600065872 /* Main.storyboard in Resources */ = {isa = PBXBuildFile; fileRef = 733F8F8C2109EE7600065872 /* Main.storyboard */; };
		733F8F902109EE7800065872 /* Assets.xcassets in Resources */ = {isa = PBXBuildFile; fileRef = 733F8F8F2109EE7800065872 /* Assets.xcassets */; };
		733F8F932109EE7800065872 /* LaunchScreen.storyboard in Resources */ = {isa = PBXBuildFile; fileRef = 733F8F912109EE7800065872 /* LaunchScreen.storyboard */; };
		733F8F962109EE7800065872 /* main.m in Sources */ = {isa = PBXBuildFile; fileRef = 733F8F952109EE7800065872 /* main.m */; };
/* End PBXBuildFile section */

/* Begin PBXFileReference section */
		7323DEF8210A0B1300440BD5 /* ViewController2.h */ = {isa = PBXFileReference; lastKnownFileType = sourcecode.c.h; path = ViewController2.h; sourceTree = "<group>"; };
		7323DEF9210A0B1300440BD5 /* ViewController2.m */ = {isa = PBXFileReference; lastKnownFileType = sourcecode.c.objc; path = ViewController2.m; sourceTree = "<group>"; };
		733F8F832109EE7600065872 /* 2018-0726-testWebview.app */ = {isa = PBXFileReference; explicitFileType = wrapper.application; includeInIndex = 0; path = "2018-0726-testWebview.app"; sourceTree = BUILT_PRODUCTS_DIR; };
		733F8F862109EE7600065872 /* AppDelegate.h */ = {isa = PBXFileReference; lastKnownFileType = sourcecode.c.h; path = AppDelegate.h; sourceTree = "<group>"; };
		733F8F872109EE7600065872 /* AppDelegate.m */ = {isa = PBXFileReference; lastKnownFileType = sourcecode.c.objc; path = AppDelegate.m; sourceTree = "<group>"; };
		733F8F892109EE7600065872 /* ViewController.h */ = {isa = PBXFileReference; lastKnownFileType = sourcecode.c.h; path = ViewController.h; sourceTree = "<group>"; };
		733F8F8A2109EE7600065872 /* ViewController.m */ = {isa = PBXFileReference; lastKnownFileType = sourcecode.c.objc; path = ViewController.m; sourceTree = "<group>"; };
		733F8F8D2109EE7600065872 /* Base */ = {isa = PBXFileReference; lastKnownFileType = file.storyboard; name = Base; path = Base.lproj/Main.storyboard; sourceTree = "<group>"; };
		733F8F8F2109EE7800065872 /* Assets.xcassets */ = {isa = PBXFileReference; lastKnownFileType = folder.assetcatalog; path = Assets.xcassets; sourceTree = "<group>"; };
		733F8F922109EE7800065872 /* Base */ = {isa = PBXFileReference; lastKnownFileType = file.storyboard; name = Base; path = Base.lproj/LaunchScreen.storyboard; sourceTree = "<group>"; };
		733F8F942109EE7800065872 /* Info.plist */ = {isa = PBXFileReference; lastKnownFileType = text.plist.xml; path = Info.plist; sourceTree = "<group>"; };
		733F8F952109EE7800065872 /* main.m */ = {isa = PBXFileReference; lastKnownFileType = sourcecode.c.objc; path = main.m; sourceTree = "<group>"; };
/* End PBXFileReference section */

/* Begin PBXFrameworksBuildPhase section */
		733F8F802109EE7600065872 /* Frameworks */ = {
			isa = PBXFrameworksBuildPhase;
			buildActionMask = 2147483647;
			files = (
			);
			runOnlyForDeploymentPostprocessing = 0;
		};
/* End PBXFrameworksBuildPhase section */

/* Begin PBXGroup section */
		733F8F7A2109EE7600065872 = {
			isa = PBXGroup;
			children = (
				733F8F852109EE7600065872 /* 2018-0726-testWebview */,
				733F8F842109EE7600065872 /* Products */,
			);
			sourceTree = "<group>";
		};
		733F8F842109EE7600065872 /* Products */ = {
			isa = PBXGroup;
			children = (
				733F8F832109EE7600065872 /* 2018-0726-testWebview.app */,
			);
			name = Products;
			sourceTree = "<group>";
		};
		733F8F852109EE7600065872 /* 2018-0726-testWebview */ = {
			isa = PBXGroup;
			children = (
				733F8F862109EE7600065872 /* AppDelegate.h */,
				733F8F872109EE7600065872 /* AppDelegate.m */,
				733F8F892109EE7600065872 /* ViewController.h */,
				733F8F8A2109EE7600065872 /* ViewController.m */,
				7323DEF8210A0B1300440BD5 /* ViewController2.h */,
				7323DEF9210A0B1300440BD5 /* ViewController2.m */,
				733F8F8C2109EE7600065872 /* Main.storyboard */,
				733F8F8F2109EE7800065872 /* Assets.xcassets */,
				733F8F912109EE7800065872 /* LaunchScreen.storyboard */,
				733F8F942109EE7800065872 /* Info.plist */,
				733F8F952109EE7800065872 /* main.m */,
			);
			path = "2018-0726-testWebview";
			sourceTree = "<group>";
		};
/* End PBXGroup section */

/* Begin PBXNativeTarget section */
		733F8F822109EE7600065872 /* 2018-0726-testWebview */ = {
			isa = PBXNativeTarget;
			buildConfigurationList = 733F8F992109EE7800065872 /* Build configuration list for PBXNativeTarget "2018-0726-testWebview" */;
			buildPhases = (
				733F8F7F2109EE7600065872 /* Sources */,
				733F8F802109EE7600065872 /* Frameworks */,
				733F8F812109EE7600065872 /* Resources */,
			);
			buildRules = (
			);
			dependencies = (
			);
			name = "2018-0726-testWebview";
			productName = "2018-0726-testWebview";
			productReference = 733F8F832109EE7600065872 /* 2018-0726-testWebview.app */;
			productType = "com.apple.product-type.application";
		};
/* End PBXNativeTarget section */

/* Begin PBXProject section */
		733F8F7B2109EE7600065872 /* Project object */ = {
			isa = PBXProject;
			attributes = {
				LastUpgradeCheck = 0940;
				ORGANIZATIONNAME = wkj;
				TargetAttributes = {
					733F8F822109EE7600065872 = {
						CreatedOnToolsVersion = 9.4.1;
					};
				};
			};
			buildConfigurationList = 733F8F7E2109EE7600065872 /* Build configuration list for PBXProject "2018-0726-testWebview" */;
			compatibilityVersion = "Xcode 9.3";
			developmentRegion = en;
			hasScannedForEncodings = 0;
			knownRegions = (
				en,
				Base,
			);
			mainGroup = 733F8F7A2109EE7600065872;
			productRefGroup = 733F8F842109EE7600065872 /* Products */;
			projectDirPath = "";
			projectRoot = "";
			targets = (
				733F8F822109EE7600065872 /* 2018-0726-testWebview */,
			);
		};
/* End PBXProject section */

/* Begin PBXResourcesBuildPhase section */
		733F8F812109EE7600065872 /* Resources */ = {
			isa = PBXResourcesBuildPhase;
			buildActionMask = 2147483647;
			files = (
				733F8F932109EE7800065872 /* LaunchScreen.storyboard in Resources */,
				733F8F902109EE7800065872 /* Assets.xcassets in Resources */,
				733F8F8E2109EE7600065872 /* Main.storyboard in Resources */,
			);
			runOnlyForDeploymentPostprocessing = 0;
		};
/* End PBXResourcesBuildPhase section */

/* Begin PBXSourcesBuildPhase section */
		733F8F7F2109EE7600065872 /* Sources */ = {
			isa = PBXSourcesBuildPhase;
			buildActionMask = 2147483647;
			files = (
				733F8F8B2109EE7600065872 /* ViewController.m in Sources */,
				7323DEFA210A0B1300440BD5 /* ViewController2.m in Sources */,
				733F8F962109EE7800065872 /* main.m in Sources */,
				733F8F882109EE7600065872 /* AppDelegate.m in Sources */,
			);
			runOnlyForDeploymentPostprocessing = 0;
		};
/* End PBXSourcesBuildPhase section */

/* Begin PBXVariantGroup section */
		733F8F8C2109EE7600065872 /* Main.storyboard */ = {
			isa = PBXVariantGroup;
			children = (
				733F8F8D2109EE7600065872 /* Base */,
			);
			name = Main.storyboard;
			sourceTree = "<group>";
		};
		733F8F912109EE7800065872 /* LaunchScreen.storyboard */ = {
			isa = PBXVariantGroup;
			children = (
				733F8F922109EE7800065872 /* Base */,
			);
			name = LaunchScreen.storyboard;
			sourceTree = "<group>";
		};
/* End PBXVariantGroup section */

/* Begin XCBuildConfiguration section */
		733F8F972109EE7800065872 /* Debug */ = {
			isa = XCBuildConfiguration;
			buildSettings = {
				ALWAYS_SEARCH_USER_PATHS = NO;
				CLANG_ANALYZER_NONNULL = YES;
				CLANG_ANALYZER_NUMBER_OBJECT_CONVERSION = YES_AGGRESSIVE;
				CLANG_CXX_LANGUAGE_STANDARD = "gnu++14";
				CLANG_CXX_LIBRARY = "libc++";
				CLANG_ENABLE_MODULES = YES;
				CLANG_ENABLE_OBJC_ARC = YES;
				CLANG_ENABLE_OBJC_WEAK = YES;
				CLANG_WARN_BLOCK_CAPTURE_AUTORELEASING = YES;
				CLANG_WARN_BOOL_CONVERSION = YES;
				CLANG_WARN_COMMA = YES;
				CLANG_WARN_CONSTANT_CONVERSION = YES;
				CLANG_WARN_DEPRECATED_OBJC_IMPLEMENTATIONS = YES;
				CLANG_WARN_DIRECT_OBJC_ISA_USAGE = YES_ERROR;
				CLANG_WARN_DOCUMENTATION_COMMENTS = YES;
				CLANG_WARN_EMPTY_BODY = YES;
				CLANG_WARN_ENUM_CONVERSION = YES;
				CLANG_WARN_INFINITE_RECURSION = YES;
				CLANG_WARN_INT_CONVERSION = YES;
				CLANG_WARN_NON_LITERAL_NULL_CONVERSION = YES;
				CLANG_WARN_OBJC_IMPLICIT_RETAIN_SELF = YES;
				CLANG_WARN_OBJC_LITERAL_CONVERSION = YES;
				CLANG_WARN_OBJC_ROOT_CLASS = YES_ERROR;
				CLANG_WARN_RANGE_LOOP_ANALYSIS = YES;
				CLANG_WARN_STRICT_PROTOTYPES = YES;
				CLANG_WARN_SUSPICIOUS_MOVE = YES;
				CLANG_WARN_UNGUARDED_AVAILABILITY = YES_AGGRESSIVE;
				CLANG_WARN_UNREACHABLE_CODE = YES;
				CLANG_WARN__DUPLICATE_METHOD_MATCH = YES;
				CODE_SIGN_IDENTITY = "iPhone Developer";
				COPY_PHASE_STRIP = NO;
				DEBUG_INFORMATION_FORMAT = dwarf;
				ENABLE_STRICT_OBJC_MSGSEND = YES;
				ENABLE_TESTABILITY = YES;
				GCC_C_LANGUAGE_STANDARD = gnu11;
				GCC_DYNAMIC_NO_PIC = NO;
				GCC_NO_COMMON_BLOCKS = YES;
				GCC_OPTIMIZATION_LEVEL = 0;
				GCC_PREPROCESSOR_DEFINITIONS = (
					"DEBUG=1",
					"$(inherited)",
				);
				GCC_WARN_64_TO_32_BIT_CONVERSION = YES;
				GCC_WARN_ABOUT_RETURN_TYPE = YES_ERROR;
				GCC_WARN_UNDECLARED_SELECTOR = YES;
				GCC_WARN_UNINITIALIZED_AUTOS = YES_AGGRESSIVE;
				GCC_WARN_UNUSED_FUNCTION = YES;
				GCC_WARN_UNUSED_VARIABLE = YES;
				IPHONEOS_DEPLOYMENT_TARGET = 11.4;
				MTL_ENABLE_DEBUG_INFO = YES;
				ONLY_ACTIVE_ARCH = YES;
				SDKROOT = iphoneos;
			};
			name = Debug;
		};
		733F8F982109EE7800065872 /* Release */ = {
			isa = XCBuildConfiguration;
			buildSettings = {
				ALWAYS_SEARCH_USER_PATHS = NO;
				CLANG_ANALYZER_NONNULL = YES;
				CLANG_ANALYZER_NUMBER_OBJECT_CONVERSION = YES_AGGRESSIVE;
				CLANG_CXX_LANGUAGE_STANDARD = "gnu++14";
				CLANG_CXX_LIBRARY = "libc++";
				CLANG_ENABLE_MODULES = YES;
				CLANG_ENABLE_OBJC_ARC = YES;
				CLANG_ENABLE_OBJC_WEAK = YES;
				CLANG_WARN_BLOCK_CAPTURE_AUTORELEASING = YES;
				CLANG_WARN_BOOL_CONVERSION = YES;
				CLANG_WARN_COMMA = YES;
				CLANG_WARN_CONSTANT_CONVERSION = YES;
				CLANG_WARN_DEPRECATED_OBJC_IMPLEMENTATIONS = YES;
				CLANG_WARN_DIRECT_OBJC_ISA_USAGE = YES_ERROR;
				CLANG_WARN_DOCUMENTATION_COMMENTS = YES;
				CLANG_WARN_EMPTY_BODY = YES;
				CLANG_WARN_ENUM_CONVERSION = YES;
				CLANG_WARN_INFINITE_RECURSION = YES;
				CLANG_WARN_INT_CONVERSION = YES;
				CLANG_WARN_NON_LITERAL_NULL_CONVERSION = YES;
				CLANG_WARN_OBJC_IMPLICIT_RETAIN_SELF = YES;
				CLANG_WARN_OBJC_LITERAL_CONVERSION = YES;
				CLANG_WARN_OBJC_ROOT_CLASS = YES_ERROR;
				CLANG_WARN_RANGE_LOOP_ANALYSIS = YES;
				CLANG_WARN_STRICT_PROTOTYPES = YES;
				CLANG_WARN_SUSPICIOUS_MOVE = YES;
				CLANG_WARN_UNGUARDED_AVAILABILITY = YES_AGGRESSIVE;
				CLANG_WARN_UNREACHABLE_CODE = YES;
				CLANG_WARN__DUPLICATE_METHOD_MATCH = YES;
				CODE_SIGN_IDENTITY = "iPhone Developer";
				COPY_PHASE_STRIP = NO;
				DEBUG_INFORMATION_FORMAT = "dwarf-with-dsym";
				ENABLE_NS_ASSERTIONS = NO;
				ENABLE_STRICT_OBJC_MSGSEND = YES;
				GCC_C_LANGUAGE_STANDARD = gnu11;
				GCC_NO_COMMON_BLOCKS = YES;
				GCC_WARN_64_TO_32_BIT_CONVERSION = YES;
				GCC_WARN_ABOUT_RETURN_TYPE = YES_ERROR;
				GCC_WARN_UNDECLARED_SELECTOR = YES;
				GCC_WARN_UNINITIALIZED_AUTOS = YES_AGGRESSIVE;
				GCC_WARN_UNUSED_FUNCTION = YES;
				GCC_WARN_UNUSED_VARIABLE = YES;
				IPHONEOS_DEPLOYMENT_TARGET = 11.4;
				MTL_ENABLE_DEBUG_INFO = NO;
				SDKROOT = iphoneos;
				VALIDATE_PRODUCT = YES;
			};
			name = Release;
		};
		733F8F9A2109EE7800065872 /* Debug */ = {
			isa = XCBuildConfiguration;
			buildSettings = {
				ASSETCATALOG_COMPILER_APPICON_NAME = AppIcon;
				CODE_SIGN_STYLE = Automatic;
				DEVELOPMENT_TEAM = 92E5QTYJT3;
				INFOPLIST_FILE = "2018-0726-testWebview/Info.plist";
				IPHONEOS_DEPLOYMENT_TARGET = 8.0;
				LD_RUNPATH_SEARCH_PATHS = (
					"$(inherited)",
					"@executable_path/Frameworks",
				);
				PRODUCT_BUNDLE_IDENTIFIER = "com.app.wkj.-018-0726-testWebview";
				PRODUCT_NAME = "$(TARGET_NAME)";
				TARGETED_DEVICE_FAMILY = "1,2";
			};
			name = Debug;
		};
		733F8F9B2109EE7800065872 /* Release */ = {
			isa = XCBuildConfiguration;
			buildSettings = {
				ASSETCATALOG_COMPILER_APPICON_NAME = AppIcon;
				CODE_SIGN_STYLE = Automatic;
				DEVELOPMENT_TEAM = 92E5QTYJT3;
				INFOPLIST_FILE = "2018-0726-testWebview/Info.plist";
				IPHONEOS_DEPLOYMENT_TARGET = 8.0;
				LD_RUNPATH_SEARCH_PATHS = (
					"$(inherited)",
					"@executable_path/Frameworks",
				);
				PRODUCT_BUNDLE_IDENTIFIER = "com.app.wkj.-018-0726-testWebview";
				PRODUCT_NAME = "$(TARGET_NAME)";
				TARGETED_DEVICE_FAMILY = "1,2";
			};
			name = Release;
		};
/* End XCBuildConfiguration section */

/* Begin XCConfigurationList section */
		733F8F7E2109EE7600065872 /* Build configuration list for PBXProject "2018-0726-testWebview" */ = {
			isa = XCConfigurationList;
			buildConfigurations = (
				733F8F972109EE7800065872 /* Debug */,
				733F8F982109EE7800065872 /* Release */,
			);
			defaultConfigurationIsVisible = 0;
			defaultConfigurationName = Release;
		};
		733F8F992109EE7800065872 /* Build configuration list for PBXNativeTarget "2018-0726-testWebview" */ = {
			isa = XCConfigurationList;
			buildConfigurations = (
				733F8F9A2109EE7800065872 /* Debug */,
				733F8F9B2109EE7800065872 /* Release */,
			);
			defaultConfigurationIsVisible = 0;
			defaultConfigurationName = Release;
		};
/* End XCConfigurationList section */
	};
	rootObject = 733F8F7B2109EE7600065872 /* Project object */;
}
